
Microsoft Visual Studio Solution File, Format Version 12.00
# Visual Studio Version 16
VisualStudioVersion = 16.0.31702.278
MinimumVisualStudioVersion = 10.0.40219.1
Project("{FAE04EC0-301F-11D3-BF4B-00C04F79EFBC}") = "Lab16", "Lab16.csproj", "{70C7135D-0506-493C-BB8C-7492D9579F8A}"
EndProject
Global
	GlobalSection(SolutionConfigurationPlatforms) = preSolution
		Debug|Any CPU = Debug|Any CPU
		Release|Any CPU = Release|Any CPU
	EndGlobalSection
	GlobalSection(ProjectConfigurationPlatforms) = postSolution
		{70C7135D-0506-493C-BB8C-7492D9579F8A}.Debug|Any CPU.ActiveCfg = Debug|Any CPU
		{70C7135D-0506-493C-BB8C-7492D9579F8A}.Debug|Any CPU.Build.0 = Debug|Any CPU
		{70C7135D-0506-493C-BB8C-7492D9579F8A}.Release|Any CPU.ActiveCfg = Release|Any CPU
		{70C7135D-0506-493C-BB8C-7492D9579F8A}.Release|Any CPU.Build.0 = Release|Any CPU
	EndGlobalSection
	GlobalSection(SolutionProperties) = preSolution
		HideSolutionNode = FALSE
	EndGlobalSection
	GlobalSection(ExtensibilityGlobals) = postSolution
		SolutionGuid = {0E3248E0-3DC0-4DE9-89D8-62D0ADC00205}
	EndGlobalSection
EndGlobal
